# This file is automatically @generated by Poetry 1.8.3 and should not be changed by hand.

[[package]]
name = "filelock"
version = "3.16.0"
description = "A platform independent file lock."
optional = false
python-versions = ">=3.8"
files = [
    {file = "filelock-3.16.0-py3-none-any.whl", hash = "sha256:f6ed4c963184f4c84dd5557ce8fece759a3724b37b80c6c4f20a2f63a4dc6609"},
    {file = "filelock-3.16.0.tar.gz", hash = "sha256:81de9eb8453c769b63369f87f11131a7ab04e367f8d97ad39dc230daa07e3bec"},
]

[package.extras]
docs = ["furo (>=2024.8.6)", "sphinx (>=8.0.2)", "sphinx-autodoc-typehints (>=2.4)"]
testing = ["covdefaults (>=2.3)", "coverage (>=7.6.1)", "diff-cover (>=9.1.1)", "pytest (>=8.3.2)", "pytest-asyncio (>=0.24)", "pytest-cov (>=5)", "pytest-mock (>=3.14)", "pytest-timeout (>=2.3.1)", "virtualenv (>=20.26.3)"]
typing = ["typing-extensions (>=4.12.2)"]

[metadata]
lock-version = "2.0"
python-versions = "^3.12"
content-hash = "8179880397f70b144efa659d905f573524d682c077ebebb86cdb8b6c0a0586dc"
