# This file is automatically @generated by Poetry 2.2.1 and should not be changed by hand.

[[package]]
name = "filelock"
version = "3.20.0"
description = "A platform independent file lock."
optional = false
python-versions = ">=3.10"
groups = ["main"]
files = [
    {file = "filelock-3.20.0-py3-none-any.whl", hash = "sha256:339b4732ffda5cd79b13f4e2711a31b0365ce445d95d243bb996273d072546a2"},
    {file = "filelock-3.20.0.tar.gz", hash = "sha256:711e943b4ec6be42e1d4e6690b48dc175c822967466bb31c0c293f34334c13f4"},
]

[metadata]
lock-version = "2.1"
python-versions = ">=3.12, <4.0"
content-hash = "c8f7c9eae68b49fdf235c83fdfe872550f516c448af082800140279310c26f29"
