# This file is automatically @generated by Poetry 2.3.2 and should not be changed by hand.

[[package]]
name = "filelock"
version = "3.29.0"
description = "A platform independent file lock."
optional = false
python-versions = ">=3.10"
groups = ["main"]
files = [
    {file = "filelock-3.29.0-py3-none-any.whl", hash = "sha256:96f5f6344709aa1572bbf631c640e4ebeeb519e08da902c39a001882f30ac258"},
    {file = "filelock-3.29.0.tar.gz", hash = "sha256:69974355e960702e789734cb4871f884ea6fe50bd8404051a3530bc07809cf90"},
]

[metadata]
lock-version = "2.1"
python-versions = ">=3.12, <4.0"
content-hash = "c8f7c9eae68b49fdf235c83fdfe872550f516c448af082800140279310c26f29"
